
Microsoft Visual Studio Solution File, Format Version 11.00
# Visual Studio 2010
Project("{FAE04EC0-301F-11D3-BF4B-00C04F79EFBC}") = "AI_.Studmix.Domain", "AI_.Studmix.Domain\AI_.Studmix.Domain.csproj", "{1C15DCB5-A1AF-4B97-A6E0-AC6AB47F536F}"
EndProject
Project("{FAE04EC0-301F-11D3-BF4B-00C04F79EFBC}") = "AI_.Studmix.Domain.Tests", "AI_.Studmix.Domain.Tests\AI_.Studmix.Domain.Tests.csproj", "{61E7E6A3-9E2F-45AE-867C-0E3B7F187A20}"
EndProject
Project("{2150E333-8FDC-42A3-9474-1A3956D46DE8}") = "4.Old", "4.Old", "{BB068E99-47C5-48CB-98D0-15D26AA3419C}"
EndProject
Project("{FAE04EC0-301F-11D3-BF4B-00C04F79EFBC}") = "AI_.Studmix.Infrastructure", "AI_.Studmix.Infrastructure\AI_.Studmix.Infrastructure.csproj", "{DE98E0D9-C77E-4964-B604-CE4F15F699C6}"
EndProject
Project("{2150E333-8FDC-42A3-9474-1A3956D46DE8}") = "3.Tests", "3.Tests", "{96791463-FE20-40BD-B9A8-0DA119E90975}"
EndProject
Project("{2150E333-8FDC-42A3-9474-1A3956D46DE8}") = "2.BusinessLogic", "2.BusinessLogic", "{5CB43A07-CA3F-4D9A-9FBA-995128D554AB}"
EndProject
Project("{FAE04EC0-301F-11D3-BF4B-00C04F79EFBC}") = "AI_.Studmix.IntegrationTests", "AI_.Studmix.IntegrationTests\AI_.Studmix.IntegrationTests.csproj", "{53E217CF-F897-4A88-851F-657E7D36A560}"
EndProject
Project("{2150E333-8FDC-42A3-9474-1A3956D46DE8}") = "1.FrontEnd", "1.FrontEnd", "{AB1FE349-5746-4CEB-AACA-E000B249F921}"
EndProject
Project("{FAE04EC0-301F-11D3-BF4B-00C04F79EFBC}") = "AI_.Studmix.ApplicationServices", "AI_.Studmix.ApplicationServices\AI_.Studmix.ApplicationServices.csproj", "{5B50C8BF-24A6-4099-A923-E6481B10166A}"
EndProject
Project("{FAE04EC0-301F-11D3-BF4B-00C04F79EFBC}") = "AI_.Studmix.ApplicationServices.Tests", "AI_.Studmix.ApplicationServices.Tests\AI_.Studmix.ApplicationServices.Tests.csproj", "{0255B48F-EE4F-43ED-B171-CFEF8BE2A7E3}"
EndProject
Global
	GlobalSection(SolutionConfigurationPlatforms) = preSolution
		Debug|Any CPU = Debug|Any CPU
		Release|Any CPU = Release|Any CPU
	EndGlobalSection
	GlobalSection(ProjectConfigurationPlatforms) = postSolution
		{1C15DCB5-A1AF-4B97-A6E0-AC6AB47F536F}.Debug|Any CPU.ActiveCfg = Debug|Any CPU
		{1C15DCB5-A1AF-4B97-A6E0-AC6AB47F536F}.Debug|Any CPU.Build.0 = Debug|Any CPU
		{1C15DCB5-A1AF-4B97-A6E0-AC6AB47F536F}.Release|Any CPU.ActiveCfg = Release|Any CPU
		{1C15DCB5-A1AF-4B97-A6E0-AC6AB47F536F}.Release|Any CPU.Build.0 = Release|Any CPU
		{61E7E6A3-9E2F-45AE-867C-0E3B7F187A20}.Debug|Any CPU.ActiveCfg = Debug|Any CPU
		{61E7E6A3-9E2F-45AE-867C-0E3B7F187A20}.Debug|Any CPU.Build.0 = Debug|Any CPU
		{61E7E6A3-9E2F-45AE-867C-0E3B7F187A20}.Release|Any CPU.ActiveCfg = Release|Any CPU
		{61E7E6A3-9E2F-45AE-867C-0E3B7F187A20}.Release|Any CPU.Build.0 = Release|Any CPU
		{DE98E0D9-C77E-4964-B604-CE4F15F699C6}.Debug|Any CPU.ActiveCfg = Debug|Any CPU
		{DE98E0D9-C77E-4964-B604-CE4F15F699C6}.Debug|Any CPU.Build.0 = Debug|Any CPU
		{DE98E0D9-C77E-4964-B604-CE4F15F699C6}.Release|Any CPU.ActiveCfg = Release|Any CPU
		{DE98E0D9-C77E-4964-B604-CE4F15F699C6}.Release|Any CPU.Build.0 = Release|Any CPU
		{53E217CF-F897-4A88-851F-657E7D36A560}.Debug|Any CPU.ActiveCfg = Debug|Any CPU
		{53E217CF-F897-4A88-851F-657E7D36A560}.Debug|Any CPU.Build.0 = Debug|Any CPU
		{53E217CF-F897-4A88-851F-657E7D36A560}.Release|Any CPU.ActiveCfg = Release|Any CPU
		{53E217CF-F897-4A88-851F-657E7D36A560}.Release|Any CPU.Build.0 = Release|Any CPU
		{5B50C8BF-24A6-4099-A923-E6481B10166A}.Debug|Any CPU.ActiveCfg = Debug|Any CPU
		{5B50C8BF-24A6-4099-A923-E6481B10166A}.Debug|Any CPU.Build.0 = Debug|Any CPU
		{5B50C8BF-24A6-4099-A923-E6481B10166A}.Release|Any CPU.ActiveCfg = Release|Any CPU
		{5B50C8BF-24A6-4099-A923-E6481B10166A}.Release|Any CPU.Build.0 = Release|Any CPU
		{0255B48F-EE4F-43ED-B171-CFEF8BE2A7E3}.Debug|Any CPU.ActiveCfg = Debug|Any CPU
		{0255B48F-EE4F-43ED-B171-CFEF8BE2A7E3}.Debug|Any CPU.Build.0 = Debug|Any CPU
		{0255B48F-EE4F-43ED-B171-CFEF8BE2A7E3}.Release|Any CPU.ActiveCfg = Release|Any CPU
		{0255B48F-EE4F-43ED-B171-CFEF8BE2A7E3}.Release|Any CPU.Build.0 = Release|Any CPU
	EndGlobalSection
	GlobalSection(SolutionProperties) = preSolution
		HideSolutionNode = FALSE
	EndGlobalSection
	GlobalSection(NestedProjects) = preSolution
		{DE98E0D9-C77E-4964-B604-CE4F15F699C6} = {5CB43A07-CA3F-4D9A-9FBA-995128D554AB}
		{1C15DCB5-A1AF-4B97-A6E0-AC6AB47F536F} = {5CB43A07-CA3F-4D9A-9FBA-995128D554AB}
		{5B50C8BF-24A6-4099-A923-E6481B10166A} = {5CB43A07-CA3F-4D9A-9FBA-995128D554AB}
		{61E7E6A3-9E2F-45AE-867C-0E3B7F187A20} = {96791463-FE20-40BD-B9A8-0DA119E90975}
		{53E217CF-F897-4A88-851F-657E7D36A560} = {96791463-FE20-40BD-B9A8-0DA119E90975}
		{0255B48F-EE4F-43ED-B171-CFEF8BE2A7E3} = {96791463-FE20-40BD-B9A8-0DA119E90975}
	EndGlobalSection
	GlobalSection(ExtensibilityGlobals) = postSolution
		VisualSVNWorkingCopyRoot = .
	EndGlobalSection
EndGlobal
